// !$*UTF8*$!
{
	archiveVersion = 1;
	classes = {
	};
	objectVersion = 46;
	objects = {

/* Begin PBXBuildFile section */
		CF67D3D51FCF2BE5005868F3 /* MenuViewController.m in Sources */ = {isa = PBXBuildFile; fileRef = CF67D3D41FCF2BE5005868F3 /* MenuViewController.m */; };
		CF67D3D71FCF2EC9005868F3 /* maxresdefault.jpg in Resources */ = {isa = PBXBuildFile; fileRef = CF67D3D61FCF2EC9005868F3 /* maxresdefault.jpg */; };
		CF8870581FC31CB900AEFB94 /* cyborg_bunny_by_crowsrock-d50l4tg.png in Resources */ = {isa = PBXBuildFile; fileRef = CF8870571FC31CB900AEFB94 /* cyborg_bunny_by_crowsrock-d50l4tg.png */; };
		CFC462481FC2E760009C4A77 /* stock-vector-a-high-quality-horizontal-seamless-background-of-landscape-with-deep-forest-555408847.jpg in Resources */ = {isa = PBXBuildFile; fileRef = CFC462471FC2E760009C4A77 /* stock-vector-a-high-quality-horizontal-seamless-background-of-landscape-with-deep-forest-555408847.jpg */; };
		CFC4624A1FC2E768009C4A77 /* fist_outline_lineart_clip_art_18637.jpg in Resources */ = {isa = PBXBuildFile; fileRef = CFC462491FC2E768009C4A77 /* fist_outline_lineart_clip_art_18637.jpg */; };
		CFE350F11FB9A60900EA8EFB /* main.m in Sources */ = {isa = PBXBuildFile; fileRef = CFE350F01FB9A60900EA8EFB /* main.m */; };
		CFE350F41FB9A60900EA8EFB /* AppDelegate.m in Sources */ = {isa = PBXBuildFile; fileRef = CFE350F31FB9A60900EA8EFB /* AppDelegate.m */; };
		CFE350F71FB9A60900EA8EFB /* ViewController.m in Sources */ = {isa = PBXBuildFile; fileRef = CFE350F61FB9A60900EA8EFB /* ViewController.m */; };
		CFE350FA1FB9A60900EA8EFB /* Main.storyboard in Resources */ = {isa = PBXBuildFile; fileRef = CFE350F81FB9A60900EA8EFB /* Main.storyboard */; };
		CFE350FC1FB9A60900EA8EFB /* Assets.xcassets in Resources */ = {isa = PBXBuildFile; fileRef = CFE350FB1FB9A60900EA8EFB /* Assets.xcassets */; };
		CFE350FF1FB9A60900EA8EFB /* LaunchScreen.storyboard in Resources */ = {isa = PBXBuildFile; fileRef = CFE350FD1FB9A60900EA8EFB /* LaunchScreen.storyboard */; };
		CFE3510A1FB9A60900EA8EFB /* TheAdventuresOfBobTests.m in Sources */ = {isa = PBXBuildFile; fileRef = CFE351091FB9A60900EA8EFB /* TheAdventuresOfBobTests.m */; };
		CFE351151FB9A60900EA8EFB /* TheAdventuresOfBobUITests.m in Sources */ = {isa = PBXBuildFile; fileRef = CFE351141FB9A60900EA8EFB /* TheAdventuresOfBobUITests.m */; };
		CFE351231FB9AD8000EA8EFB /* stock-vector-cartoon-fairy-tale-landscape-candy-land-illustration-for-game-design-285700961.jpg in Resources */ = {isa = PBXBuildFile; fileRef = CFE351221FB9AD8000EA8EFB /* stock-vector-cartoon-fairy-tale-landscape-candy-land-illustration-for-game-design-285700961.jpg */; };
		CFE351251FB9BA3800EA8EFB /* sub-buzz-29381-1508166343-1.jpg in Resources */ = {isa = PBXBuildFile; fileRef = CFE351241FB9BA3800EA8EFB /* sub-buzz-29381-1508166343-1.jpg */; };
		CFE351271FB9BB7B00EA8EFB /* 875575-mkdd_fireball_mario.jpg in Resources */ = {isa = PBXBuildFile; fileRef = CFE351261FB9BB7B00EA8EFB /* 875575-mkdd_fireball_mario.jpg */; };
		CFEE31B51FD00A1200A47C86 /* fallingeggs.jpg in Resources */ = {isa = PBXBuildFile; fileRef = CFEE31B41FD00A1200A47C86 /* fallingeggs.jpg */; };
		CFEE31B81FD0182E00A47C86 /* SettingsViewController.m in Sources */ = {isa = PBXBuildFile; fileRef = CFEE31B71FD0182E00A47C86 /* SettingsViewController.m */; };
		CFF7FF191FD18EBD00C92928 /* ColourfulBackgroundColour2.png in Resources */ = {isa = PBXBuildFile; fileRef = CFF7FF181FD18EBD00C92928 /* ColourfulBackgroundColour2.png */; };
		CFF7FF1B1FD193E500C92928 /* stock-vector-a-high-quality-horizontal-seamless-background-of-landscape-with-deep-forest-555408847.gif in Resources */ = {isa = PBXBuildFile; fileRef = CFF7FF1A1FD193E500C92928 /* stock-vector-a-high-quality-horizontal-seamless-background-of-landscape-with-deep-forest-555408847.gif */; };
		CFF7FF211FD1A37800C92928 /* leadcoat.ttf in Resources */ = {isa = PBXBuildFile; fileRef = CFF7FF1C1FD1A22300C92928 /* leadcoat.ttf */; };
		CFF7FF221FD1A38500C92928 /* fast99.ttf in Resources */ = {isa = PBXBuildFile; fileRef = CFF7FF1E1FD1A22D00C92928 /* fast99.ttf */; };
		CFF7FF231FD1A38700C92928 /* ASMAN.TTF in Resources */ = {isa = PBXBuildFile; fileRef = CFF7FF201FD1A23E00C92928 /* ASMAN.TTF */; };
		CFF7FF241FD1A38900C92928 /* SIXTY.TTF in Resources */ = {isa = PBXBuildFile; fileRef = CFF7FF1F1FD1A23900C92928 /* SIXTY.TTF */; };
		CFF7FF251FD1A38B00C92928 /* sewer.ttf in Resources */ = {isa = PBXBuildFile; fileRef = CFF7FF1D1FD1A22800C92928 /* sewer.ttf */; };
		CFF7FF271FD1A57F00C92928 /* Default-568h@2x.png in Resources */ = {isa = PBXBuildFile; fileRef = CFF7FF261FD1A57F00C92928 /* Default-568h@2x.png */; };
		CFF7FF291FD1B9C700C92928 /* b0e53331516629.565449774c2d4.png in Resources */ = {isa = PBXBuildFile; fileRef = CFF7FF281FD1B9C700C92928 /* b0e53331516629.565449774c2d4.png */; };
/* End PBXBuildFile section */

/* Begin PBXContainerItemProxy section */
		CFE351061FB9A60900EA8EFB /* PBXContainerItemProxy */ = {
			isa = PBXContainerItemProxy;
			containerPortal = CFE350E41FB9A60800EA8EFB /* Project object */;
			proxyType = 1;
			remoteGlobalIDString = CFE350EB1FB9A60900EA8EFB;
			remoteInfo = TheAdventuresOfBob;
		};
		CFE351111FB9A60900EA8EFB /* PBXContainerItemProxy */ = {
			isa = PBXContainerItemProxy;
			containerPortal = CFE350E41FB9A60800EA8EFB /* Project object */;
			proxyType = 1;
			remoteGlobalIDString = CFE350EB1FB9A60900EA8EFB;
			remoteInfo = TheAdventuresOfBob;
		};
/* End PBXContainerItemProxy section */

/* Begin PBXFileReference section */
		CF67D3D31FCF2BE5005868F3 /* MenuViewController.h */ = {isa = PBXFileReference; fileEncoding = 4; lastKnownFileType = sourcecode.c.h; path = MenuViewController.h; sourceTree = "<group>"; };
		CF67D3D41FCF2BE5005868F3 /* MenuViewController.m */ = {isa = PBXFileReference; fileEncoding = 4; lastKnownFileType = sourcecode.c.objc; path = MenuViewController.m; sourceTree = "<group>"; };
		CF67D3D61FCF2EC9005868F3 /* maxresdefault.jpg */ = {isa = PBXFileReference; lastKnownFileType = image.jpeg; path = maxresdefault.jpg; sourceTree = "<group>"; };
		CF8870571FC31CB900AEFB94 /* cyborg_bunny_by_crowsrock-d50l4tg.png */ = {isa = PBXFileReference; lastKnownFileType = image.png; path = "cyborg_bunny_by_crowsrock-d50l4tg.png"; sourceTree = "<group>"; };
		CFC462471FC2E760009C4A77 /* stock-vector-a-high-quality-horizontal-seamless-background-of-landscape-with-deep-forest-555408847.jpg */ = {isa = PBXFileReference; lastKnownFileType = image.jpeg; path = "stock-vector-a-high-quality-horizontal-seamless-background-of-landscape-with-deep-forest-555408847.jpg"; sourceTree = "<group>"; };
		CFC462491FC2E768009C4A77 /* fist_outline_lineart_clip_art_18637.jpg */ = {isa = PBXFileReference; lastKnownFileType = image.jpeg; path = fist_outline_lineart_clip_art_18637.jpg; sourceTree = "<group>"; };
		CFE350EC1FB9A60900EA8EFB /* TheAdventuresOfBob.app */ = {isa = PBXFileReference; explicitFileType = wrapper.application; includeInIndex = 0; path = TheAdventuresOfBob.app; sourceTree = BUILT_PRODUCTS_DIR; };
		CFE350F01FB9A60900EA8EFB /* main.m */ = {isa = PBXFileReference; lastKnownFileType = sourcecode.c.objc; path = main.m; sourceTree = "<group>"; };
		CFE350F21FB9A60900EA8EFB /* AppDelegate.h */ = {isa = PBXFileReference; lastKnownFileType = sourcecode.c.h; path = AppDelegate.h; sourceTree = "<group>"; };
		CFE350F31FB9A60900EA8EFB /* AppDelegate.m */ = {isa = PBXFileReference; lastKnownFileType = sourcecode.c.objc; path = AppDelegate.m; sourceTree = "<group>"; };
		CFE350F51FB9A60900EA8EFB /* ViewController.h */ = {isa = PBXFileReference; lastKnownFileType = sourcecode.c.h; path = ViewController.h; sourceTree = "<group>"; };
		CFE350F61FB9A60900EA8EFB /* ViewController.m */ = {isa = PBXFileReference; lastKnownFileType = sourcecode.c.objc; path = ViewController.m; sourceTree = "<group>"; };
		CFE350F91FB9A60900EA8EFB /* Base */ = {isa = PBXFileReference; lastKnownFileType = file.storyboard; name = Base; path = Base.lproj/Main.storyboard; sourceTree = "<group>"; };
		CFE350FB1FB9A60900EA8EFB /* Assets.xcassets */ = {isa = PBXFileReference; lastKnownFileType = folder.assetcatalog; path = Assets.xcassets; sourceTree = "<group>"; };
		CFE350FE1FB9A60900EA8EFB /* Base */ = {isa = PBXFileReference; lastKnownFileType = file.storyboard; name = Base; path = Base.lproj/LaunchScreen.storyboard; sourceTree = "<group>"; };
		CFE351001FB9A60900EA8EFB /* Info.plist */ = {isa = PBXFileReference; lastKnownFileType = text.plist.xml; path = Info.plist; sourceTree = "<group>"; };
		CFE351051FB9A60900EA8EFB /* TheAdventuresOfBobTests.xctest */ = {isa = PBXFileReference; explicitFileType = wrapper.cfbundle; includeInIndex = 0; path = TheAdventuresOfBobTests.xctest; sourceTree = BUILT_PRODUCTS_DIR; };
		CFE351091FB9A60900EA8EFB /* TheAdventuresOfBobTests.m */ = {isa = PBXFileReference; lastKnownFileType = sourcecode.c.objc; path = TheAdventuresOfBobTests.m; sourceTree = "<group>"; };
		CFE3510B1FB9A60900EA8EFB /* Info.plist */ = {isa = PBXFileReference; lastKnownFileType = text.plist.xml; path = Info.plist; sourceTree = "<group>"; };
		CFE351101FB9A60900EA8EFB /* TheAdventuresOfBobUITests.xctest */ = {isa = PBXFileReference; explicitFileType = wrapper.cfbundle; includeInIndex = 0; path = TheAdventuresOfBobUITests.xctest; sourceTree = BUILT_PRODUCTS_DIR; };
		CFE351141FB9A60900EA8EFB /* TheAdventuresOfBobUITests.m */ = {isa = PBXFileReference; lastKnownFileType = sourcecode.c.objc; path = TheAdventuresOfBobUITests.m; sourceTree = "<group>"; };
		CFE351161FB9A60900EA8EFB /* Info.plist */ = {isa = PBXFileReference; lastKnownFileType = text.plist.xml; path = Info.plist; sourceTree = "<group>"; };
		CFE351221FB9AD8000EA8EFB /* stock-vector-cartoon-fairy-tale-landscape-candy-land-illustration-for-game-design-285700961.jpg */ = {isa = PBXFileReference; lastKnownFileType = image.jpeg; path = "stock-vector-cartoon-fairy-tale-landscape-candy-land-illustration-for-game-design-285700961.jpg"; sourceTree = "<group>"; };
		CFE351241FB9BA3800EA8EFB /* sub-buzz-29381-1508166343-1.jpg */ = {isa = PBXFileReference; lastKnownFileType = image.jpeg; path = "sub-buzz-29381-1508166343-1.jpg"; sourceTree = "<group>"; };
		CFE351261FB9BB7B00EA8EFB /* 875575-mkdd_fireball_mario.jpg */ = {isa = PBXFileReference; lastKnownFileType = image.jpeg; path = "875575-mkdd_fireball_mario.jpg"; sourceTree = "<group>"; };
		CFEE31B41FD00A1200A47C86 /* fallingeggs.jpg */ = {isa = PBXFileReference; lastKnownFileType = image.jpeg; path = fallingeggs.jpg; sourceTree = "<group>"; };
		CFEE31B61FD0182E00A47C86 /* SettingsViewController.h */ = {isa = PBXFileReference; fileEncoding = 4; lastKnownFileType = sourcecode.c.h; path = SettingsViewController.h; sourceTree = "<group>"; };
		CFEE31B71FD0182E00A47C86 /* SettingsViewController.m */ = {isa = PBXFileReference; fileEncoding = 4; lastKnownFileType = sourcecode.c.objc; path = SettingsViewController.m; sourceTree = "<group>"; };
		CFF7FF181FD18EBD00C92928 /* ColourfulBackgroundColour2.png */ = {isa = PBXFileReference; lastKnownFileType = image.png; path = ColourfulBackgroundColour2.png; sourceTree = "<group>"; };
		CFF7FF1A1FD193E500C92928 /* stock-vector-a-high-quality-horizontal-seamless-background-of-landscape-with-deep-forest-555408847.gif */ = {isa = PBXFileReference; lastKnownFileType = image.gif; path = "stock-vector-a-high-quality-horizontal-seamless-background-of-landscape-with-deep-forest-555408847.gif"; sourceTree = "<group>"; };
		CFF7FF1C1FD1A22300C92928 /* leadcoat.ttf */ = {isa = PBXFileReference; lastKnownFileType = file; path = leadcoat.ttf; sourceTree = "<group>"; };
		CFF7FF1D1FD1A22800C92928 /* sewer.ttf */ = {isa = PBXFileReference; lastKnownFileType = file; path = sewer.ttf; sourceTree = "<group>"; };
		CFF7FF1E1FD1A22D00C92928 /* fast99.ttf */ = {isa = PBXFileReference; lastKnownFileType = file; path = fast99.ttf; sourceTree = "<group>"; };
		CFF7FF1F1FD1A23900C92928 /* SIXTY.TTF */ = {isa = PBXFileReference; lastKnownFileType = file; path = SIXTY.TTF; sourceTree = "<group>"; };
		CFF7FF201FD1A23E00C92928 /* ASMAN.TTF */ = {isa = PBXFileReference; lastKnownFileType = file; path = ASMAN.TTF; sourceTree = "<group>"; };
		CFF7FF261FD1A57F00C92928 /* Default-568h@2x.png */ = {isa = PBXFileReference; lastKnownFileType = image.png; path = "Default-568h@2x.png"; sourceTree = "<group>"; };
		CFF7FF281FD1B9C700C92928 /* b0e53331516629.565449774c2d4.png */ = {isa = PBXFileReference; lastKnownFileType = image.png; path = b0e53331516629.565449774c2d4.png; sourceTree = "<group>"; };
/* End PBXFileReference section */

/* Begin PBXFrameworksBuildPhase section */
		CFE350E91FB9A60900EA8EFB /* Frameworks */ = {
			isa = PBXFrameworksBuildPhase;
			buildActionMask = 2147483647;
			files = (
			);
			runOnlyForDeploymentPostprocessing = 0;
		};
		CFE351021FB9A60900EA8EFB /* Frameworks */ = {
			isa = PBXFrameworksBuildPhase;
			buildActionMask = 2147483647;
			files = (
			);
			runOnlyForDeploymentPostprocessing = 0;
		};
		CFE3510D1FB9A60900EA8EFB /* Frameworks */ = {
			isa = PBXFrameworksBuildPhase;
			buildActionMask = 2147483647;
			files = (
			);
			runOnlyForDeploymentPostprocessing = 0;
		};
/* End PBXFrameworksBuildPhase section */

/* Begin PBXGroup section */
		CFE350E31FB9A60800EA8EFB = {
			isa = PBXGroup;
			children = (
				CFF7FF261FD1A57F00C92928 /* Default-568h@2x.png */,
				CFE350EE1FB9A60900EA8EFB /* TheAdventuresOfBob */,
				CFE351081FB9A60900EA8EFB /* TheAdventuresOfBobTests */,
				CFE351131FB9A60900EA8EFB /* TheAdventuresOfBobUITests */,
				CFE350ED1FB9A60900EA8EFB /* Products */,
			);
			sourceTree = "<group>";
		};
		CFE350ED1FB9A60900EA8EFB /* Products */ = {
			isa = PBXGroup;
			children = (
				CFE350EC1FB9A60900EA8EFB /* TheAdventuresOfBob.app */,
				CFE351051FB9A60900EA8EFB /* TheAdventuresOfBobTests.xctest */,
				CFE351101FB9A60900EA8EFB /* TheAdventuresOfBobUITests.xctest */,
			);
			name = Products;
			sourceTree = "<group>";
		};
		CFE350EE1FB9A60900EA8EFB /* TheAdventuresOfBob */ = {
			isa = PBXGroup;
			children = (
				CFE350F21FB9A60900EA8EFB /* AppDelegate.h */,
				CFE350F31FB9A60900EA8EFB /* AppDelegate.m */,
				CFE350F51FB9A60900EA8EFB /* ViewController.h */,
				CFE350F61FB9A60900EA8EFB /* ViewController.m */,
				CFE350F81FB9A60900EA8EFB /* Main.storyboard */,
				CFEE31B61FD0182E00A47C86 /* SettingsViewController.h */,
				CFEE31B71FD0182E00A47C86 /* SettingsViewController.m */,
				CF67D3D31FCF2BE5005868F3 /* MenuViewController.h */,
				CF67D3D41FCF2BE5005868F3 /* MenuViewController.m */,
				CFE350FB1FB9A60900EA8EFB /* Assets.xcassets */,
				CFE350FD1FB9A60900EA8EFB /* LaunchScreen.storyboard */,
				CFE351001FB9A60900EA8EFB /* Info.plist */,
				CFE350EF1FB9A60900EA8EFB /* Supporting Files */,
			);
			path = TheAdventuresOfBob;
			sourceTree = "<group>";
		};
		CFE350EF1FB9A60900EA8EFB /* Supporting Files */ = {
			isa = PBXGroup;
			children = (
				CFE350F01FB9A60900EA8EFB /* main.m */,
				CFF7FF1C1FD1A22300C92928 /* leadcoat.ttf */,
				CFF7FF1E1FD1A22D00C92928 /* fast99.ttf */,
				CFF7FF201FD1A23E00C92928 /* ASMAN.TTF */,
				CFF7FF1F1FD1A23900C92928 /* SIXTY.TTF */,
				CFF7FF1D1FD1A22800C92928 /* sewer.ttf */,
				CFEE31B41FD00A1200A47C86 /* fallingeggs.jpg */,
				CFF7FF1A1FD193E500C92928 /* stock-vector-a-high-quality-horizontal-seamless-background-of-landscape-with-deep-forest-555408847.gif */,
				CFF7FF281FD1B9C700C92928 /* b0e53331516629.565449774c2d4.png */,
				CFF7FF181FD18EBD00C92928 /* ColourfulBackgroundColour2.png */,
				CF67D3D61FCF2EC9005868F3 /* maxresdefault.jpg */,
				CFC462471FC2E760009C4A77 /* stock-vector-a-high-quality-horizontal-seamless-background-of-landscape-with-deep-forest-555408847.jpg */,
				CF8870571FC31CB900AEFB94 /* cyborg_bunny_by_crowsrock-d50l4tg.png */,
				CFE351261FB9BB7B00EA8EFB /* 875575-mkdd_fireball_mario.jpg */,
				CFC462491FC2E768009C4A77 /* fist_outline_lineart_clip_art_18637.jpg */,
				CFE351241FB9BA3800EA8EFB /* sub-buzz-29381-1508166343-1.jpg */,
				CFE351221FB9AD8000EA8EFB /* stock-vector-cartoon-fairy-tale-landscape-candy-land-illustration-for-game-design-285700961.jpg */,
			);
			name = "Supporting Files";
			sourceTree = "<group>";
		};
		CFE351081FB9A60900EA8EFB /* TheAdventuresOfBobTests */ = {
			isa = PBXGroup;
			children = (
				CFE351091FB9A60900EA8EFB /* TheAdventuresOfBobTests.m */,
				CFE3510B1FB9A60900EA8EFB /* Info.plist */,
			);
			path = TheAdventuresOfBobTests;
			sourceTree = "<group>";
		};
		CFE351131FB9A60900EA8EFB /* TheAdventuresOfBobUITests */ = {
			isa = PBXGroup;
			children = (
				CFE351141FB9A60900EA8EFB /* TheAdventuresOfBobUITests.m */,
				CFE351161FB9A60900EA8EFB /* Info.plist */,
			);
			path = TheAdventuresOfBobUITests;
			sourceTree = "<group>";
		};
/* End PBXGroup section */

/* Begin PBXNativeTarget section */
		CFE350EB1FB9A60900EA8EFB /* TheAdventuresOfBob */ = {
			isa = PBXNativeTarget;
			buildConfigurationList = CFE351191FB9A60900EA8EFB /* Build configuration list for PBXNativeTarget "TheAdventuresOfBob" */;
			buildPhases = (
				CFE350E81FB9A60900EA8EFB /* Sources */,
				CFE350E91FB9A60900EA8EFB /* Frameworks */,
				CFE350EA1FB9A60900EA8EFB /* Resources */,
			);
			buildRules = (
			);
			dependencies = (
			);
			name = TheAdventuresOfBob;
			productName = TheAdventuresOfBob;
			productReference = CFE350EC1FB9A60900EA8EFB /* TheAdventuresOfBob.app */;
			productType = "com.apple.product-type.application";
		};
		CFE351041FB9A60900EA8EFB /* TheAdventuresOfBobTests */ = {
			isa = PBXNativeTarget;
			buildConfigurationList = CFE3511C1FB9A60900EA8EFB /* Build configuration list for PBXNativeTarget "TheAdventuresOfBobTests" */;
			buildPhases = (
				CFE351011FB9A60900EA8EFB /* Sources */,
				CFE351021FB9A60900EA8EFB /* Frameworks */,
				CFE351031FB9A60900EA8EFB /* Resources */,
			);
			buildRules = (
			);
			dependencies = (
				CFE351071FB9A60900EA8EFB /* PBXTargetDependency */,
			);
			name = TheAdventuresOfBobTests;
			productName = TheAdventuresOfBobTests;
			productReference = CFE351051FB9A60900EA8EFB /* TheAdventuresOfBobTests.xctest */;
			productType = "com.apple.product-type.bundle.unit-test";
		};
		CFE3510F1FB9A60900EA8EFB /* TheAdventuresOfBobUITests */ = {
			isa = PBXNativeTarget;
			buildConfigurationList = CFE3511F1FB9A60900EA8EFB /* Build configuration list for PBXNativeTarget "TheAdventuresOfBobUITests" */;
			buildPhases = (
				CFE3510C1FB9A60900EA8EFB /* Sources */,
				CFE3510D1FB9A60900EA8EFB /* Frameworks */,
				CFE3510E1FB9A60900EA8EFB /* Resources */,
			);
			buildRules = (
			);
			dependencies = (
				CFE351121FB9A60900EA8EFB /* PBXTargetDependency */,
			);
			name = TheAdventuresOfBobUITests;
			productName = TheAdventuresOfBobUITests;
			productReference = CFE351101FB9A60900EA8EFB /* TheAdventuresOfBobUITests.xctest */;
			productType = "com.apple.product-type.bundle.ui-testing";
		};
/* End PBXNativeTarget section */

/* Begin PBXProject section */
		CFE350E41FB9A60800EA8EFB /* Project object */ = {
			isa = PBXProject;
			attributes = {
				LastUpgradeCheck = 0800;
				ORGANIZATIONNAME = "University of Leeds";
				TargetAttributes = {
					CFE350EB1FB9A60900EA8EFB = {
						CreatedOnToolsVersion = 8.0;
						ProvisioningStyle = Automatic;
					};
					CFE351041FB9A60900EA8EFB = {
						CreatedOnToolsVersion = 8.0;
						ProvisioningStyle = Automatic;
						TestTargetID = CFE350EB1FB9A60900EA8EFB;
					};
					CFE3510F1FB9A60900EA8EFB = {
						CreatedOnToolsVersion = 8.0;
						ProvisioningStyle = Automatic;
						TestTargetID = CFE350EB1FB9A60900EA8EFB;
					};
				};
			};
			buildConfigurationList = CFE350E71FB9A60800EA8EFB /* Build configuration list for PBXProject "TheAdventuresOfBob" */;
			compatibilityVersion = "Xcode 3.2";
			developmentRegion = English;
			hasScannedForEncodings = 0;
			knownRegions = (
				en,
				Base,
			);
			mainGroup = CFE350E31FB9A60800EA8EFB;
			productRefGroup = CFE350ED1FB9A60900EA8EFB /* Products */;
			projectDirPath = "";
			projectRoot = "";
			targets = (
				CFE350EB1FB9A60900EA8EFB /* TheAdventuresOfBob */,
				CFE351041FB9A60900EA8EFB /* TheAdventuresOfBobTests */,
				CFE3510F1FB9A60900EA8EFB /* TheAdventuresOfBobUITests */,
			);
		};
/* End PBXProject section */

/* Begin PBXResourcesBuildPhase section */
		CFE350EA1FB9A60900EA8EFB /* Resources */ = {
			isa = PBXResourcesBuildPhase;
			buildActionMask = 2147483647;
			files = (
				CFF7FF291FD1B9C700C92928 /* b0e53331516629.565449774c2d4.png in Resources */,
				CFE351251FB9BA3800EA8EFB /* sub-buzz-29381-1508166343-1.jpg in Resources */,
				CFE351231FB9AD8000EA8EFB /* stock-vector-cartoon-fairy-tale-landscape-candy-land-illustration-for-game-design-285700961.jpg in Resources */,
				CFF7FF211FD1A37800C92928 /* leadcoat.ttf in Resources */,
				CFF7FF221FD1A38500C92928 /* fast99.ttf in Resources */,
				CFF7FF231FD1A38700C92928 /* ASMAN.TTF in Resources */,
				CFF7FF241FD1A38900C92928 /* SIXTY.TTF in Resources */,
				CFF7FF251FD1A38B00C92928 /* sewer.ttf in Resources */,
				CFF7FF191FD18EBD00C92928 /* ColourfulBackgroundColour2.png in Resources */,
				CFEE31B51FD00A1200A47C86 /* fallingeggs.jpg in Resources */,
				CFE350FF1FB9A60900EA8EFB /* LaunchScreen.storyboard in Resources */,
				CFE350FC1FB9A60900EA8EFB /* Assets.xcassets in Resources */,
				CFE351271FB9BB7B00EA8EFB /* 875575-mkdd_fireball_mario.jpg in Resources */,
				CFF7FF271FD1A57F00C92928 /* Default-568h@2x.png in Resources */,
				CFC462481FC2E760009C4A77 /* stock-vector-a-high-quality-horizontal-seamless-background-of-landscape-with-deep-forest-555408847.jpg in Resources */,
				CFC4624A1FC2E768009C4A77 /* fist_outline_lineart_clip_art_18637.jpg in Resources */,
				CF67D3D71FCF2EC9005868F3 /* maxresdefault.jpg in Resources */,
				CFE350FA1FB9A60900EA8EFB /* Main.storyboard in Resources */,
				CF8870581FC31CB900AEFB94 /* cyborg_bunny_by_crowsrock-d50l4tg.png in Resources */,
				CFF7FF1B1FD193E500C92928 /* stock-vector-a-high-quality-horizontal-seamless-background-of-landscape-with-deep-forest-555408847.gif in Resources */,
			);
			runOnlyForDeploymentPostprocessing = 0;
		};
		CFE351031FB9A60900EA8EFB /* Resources */ = {
			isa = PBXResourcesBuildPhase;
			buildActionMask = 2147483647;
			files = (
			);
			runOnlyForDeploymentPostprocessing = 0;
		};
		CFE3510E1FB9A60900EA8EFB /* Resources */ = {
			isa = PBXResourcesBuildPhase;
			buildActionMask = 2147483647;
			files = (
			);
			runOnlyForDeploymentPostprocessing = 0;
		};
/* End PBXResourcesBuildPhase section */

/* Begin PBXSourcesBuildPhase section */
		CFE350E81FB9A60900EA8EFB /* Sources */ = {
			isa = PBXSourcesBuildPhase;
			buildActionMask = 2147483647;
			files = (
				CFE350F71FB9A60900EA8EFB /* ViewController.m in Sources */,
				CFE350F41FB9A60900EA8EFB /* AppDelegate.m in Sources */,
				CFEE31B81FD0182E00A47C86 /* SettingsViewController.m in Sources */,
				CFE350F11FB9A60900EA8EFB /* main.m in Sources */,
				CF67D3D51FCF2BE5005868F3 /* MenuViewController.m in Sources */,
			);
			runOnlyForDeploymentPostprocessing = 0;
		};
		CFE351011FB9A60900EA8EFB /* Sources */ = {
			isa = PBXSourcesBuildPhase;
			buildActionMask = 2147483647;
			files = (
				CFE3510A1FB9A60900EA8EFB /* TheAdventuresOfBobTests.m in Sources */,
			);
			runOnlyForDeploymentPostprocessing = 0;
		};
		CFE3510C1FB9A60900EA8EFB /* Sources */ = {
			isa = PBXSourcesBuildPhase;
			buildActionMask = 2147483647;
			files = (
				CFE351151FB9A60900EA8EFB /* TheAdventuresOfBobUITests.m in Sources */,
			);
			runOnlyForDeploymentPostprocessing = 0;
		};
/* End PBXSourcesBuildPhase section */

/* Begin PBXTargetDependency section */
		CFE351071FB9A60900EA8EFB /* PBXTargetDependency */ = {
			isa = PBXTargetDependency;
			target = CFE350EB1FB9A60900EA8EFB /* TheAdventuresOfBob */;
			targetProxy = CFE351061FB9A60900EA8EFB /* PBXContainerItemProxy */;
		};
		CFE351121FB9A60900EA8EFB /* PBXTargetDependency */ = {
			isa = PBXTargetDependency;
			target = CFE350EB1FB9A60900EA8EFB /* TheAdventuresOfBob */;
			targetProxy = CFE351111FB9A60900EA8EFB /* PBXContainerItemProxy */;
		};
/* End PBXTargetDependency section */

/* Begin PBXVariantGroup section */
		CFE350F81FB9A60900EA8EFB /* Main.storyboard */ = {
			isa = PBXVariantGroup;
			children = (
				CFE350F91FB9A60900EA8EFB /* Base */,
			);
			name = Main.storyboard;
			sourceTree = "<group>";
		};
		CFE350FD1FB9A60900EA8EFB /* LaunchScreen.storyboard */ = {
			isa = PBXVariantGroup;
			children = (
				CFE350FE1FB9A60900EA8EFB /* Base */,
			);
			name = LaunchScreen.storyboard;
			sourceTree = "<group>";
		};
/* End PBXVariantGroup section */

/* Begin XCBuildConfiguration section */
		CFE351171FB9A60900EA8EFB /* Debug */ = {
			isa = XCBuildConfiguration;
			buildSettings = {
				ALWAYS_SEARCH_USER_PATHS = NO;
				CLANG_ANALYZER_NONNULL = YES;
				CLANG_CXX_LANGUAGE_STANDARD = "gnu++0x";
				CLANG_CXX_LIBRARY = "libc++";
				CLANG_ENABLE_MODULES = YES;
				CLANG_ENABLE_OBJC_ARC = YES;
				CLANG_WARN_BOOL_CONVERSION = YES;
				CLANG_WARN_CONSTANT_CONVERSION = YES;
				CLANG_WARN_DIRECT_OBJC_ISA_USAGE = YES_ERROR;
				CLANG_WARN_DOCUMENTATION_COMMENTS = YES;
				CLANG_WARN_EMPTY_BODY = YES;
				CLANG_WARN_ENUM_CONVERSION = YES;
				CLANG_WARN_INFINITE_RECURSION = YES;
				CLANG_WARN_INT_CONVERSION = YES;
				CLANG_WARN_OBJC_ROOT_CLASS = YES_ERROR;
				CLANG_WARN_SUSPICIOUS_MOVES = YES;
				CLANG_WARN_UNREACHABLE_CODE = YES;
				CLANG_WARN__DUPLICATE_METHOD_MATCH = YES;
				"CODE_SIGN_IDENTITY[sdk=iphoneos*]" = "iPhone Developer";
				COPY_PHASE_STRIP = NO;
				DEBUG_INFORMATION_FORMAT = dwarf;
				ENABLE_STRICT_OBJC_MSGSEND = YES;
				ENABLE_TESTABILITY = YES;
				GCC_C_LANGUAGE_STANDARD = gnu99;
				GCC_DYNAMIC_NO_PIC = NO;
				GCC_NO_COMMON_BLOCKS = YES;
				GCC_OPTIMIZATION_LEVEL = 0;
				GCC_PREPROCESSOR_DEFINITIONS = (
					"DEBUG=1",
					"$(inherited)",
				);
				GCC_WARN_64_TO_32_BIT_CONVERSION = YES;
				GCC_WARN_ABOUT_RETURN_TYPE = YES_ERROR;
				GCC_WARN_UNDECLARED_SELECTOR = YES;
				GCC_WARN_UNINITIALIZED_AUTOS = YES_AGGRESSIVE;
				GCC_WARN_UNUSED_FUNCTION = YES;
				GCC_WARN_UNUSED_VARIABLE = YES;
				IPHONEOS_DEPLOYMENT_TARGET = 10.0;
				MTL_ENABLE_DEBUG_INFO = YES;
				ONLY_ACTIVE_ARCH = YES;
				SDKROOT = iphoneos;
				TARGETED_DEVICE_FAMILY = "1,2";
			};
			name = Debug;
		};
		CFE351181FB9A60900EA8EFB /* Release */ = {
			isa = XCBuildConfiguration;
			buildSettings = {
				ALWAYS_SEARCH_USER_PATHS = NO;
				CLANG_ANALYZER_NONNULL = YES;
				CLANG_CXX_LANGUAGE_STANDARD = "gnu++0x";
				CLANG_CXX_LIBRARY = "libc++";
				CLANG_ENABLE_MODULES = YES;
				CLANG_ENABLE_OBJC_ARC = YES;
				CLANG_WARN_BOOL_CONVERSION = YES;
				CLANG_WARN_CONSTANT_CONVERSION = YES;
				CLANG_WARN_DIRECT_OBJC_ISA_USAGE = YES_ERROR;
				CLANG_WARN_DOCUMENTATION_COMMENTS = YES;
				CLANG_WARN_EMPTY_BODY = YES;
				CLANG_WARN_ENUM_CONVERSION = YES;
				CLANG_WARN_INFINITE_RECURSION = YES;
				CLANG_WARN_INT_CONVERSION = YES;
				CLANG_WARN_OBJC_ROOT_CLASS = YES_ERROR;
				CLANG_WARN_SUSPICIOUS_MOVES = YES;
				CLANG_WARN_UNREACHABLE_CODE = YES;
				CLANG_WARN__DUPLICATE_METHOD_MATCH = YES;
				"CODE_SIGN_IDENTITY[sdk=iphoneos*]" = "iPhone Developer";
				COPY_PHASE_STRIP = NO;
				DEBUG_INFORMATION_FORMAT = "dwarf-with-dsym";
				ENABLE_NS_ASSERTIONS = NO;
				ENABLE_STRICT_OBJC_MSGSEND = YES;
				GCC_C_LANGUAGE_STANDARD = gnu99;
				GCC_NO_COMMON_BLOCKS = YES;
				GCC_WARN_64_TO_32_BIT_CONVERSION = YES;
				GCC_WARN_ABOUT_RETURN_TYPE = YES_ERROR;
				GCC_WARN_UNDECLARED_SELECTOR = YES;
				GCC_WARN_UNINITIALIZED_AUTOS = YES_AGGRESSIVE;
				GCC_WARN_UNUSED_FUNCTION = YES;
				GCC_WARN_UNUSED_VARIABLE = YES;
				IPHONEOS_DEPLOYMENT_TARGET = 10.0;
				MTL_ENABLE_DEBUG_INFO = NO;
				SDKROOT = iphoneos;
				TARGETED_DEVICE_FAMILY = "1,2";
				VALIDATE_PRODUCT = YES;
			};
			name = Release;
		};
		CFE3511A1FB9A60900EA8EFB /* Debug */ = {
			isa = XCBuildConfiguration;
			buildSettings = {
				ASSETCATALOG_COMPILER_APPICON_NAME = AppIcon;
				INFOPLIST_FILE = TheAdventuresOfBob/Info.plist;
				LD_RUNPATH_SEARCH_PATHS = "$(inherited) @executable_path/Frameworks";
				PRODUCT_BUNDLE_IDENTIFIER = uk.ac.leeds.TheAdventuresOfBob;
				PRODUCT_NAME = "$(TARGET_NAME)";
			};
			name = Debug;
		};
		CFE3511B1FB9A60900EA8EFB /* Release */ = {
			isa = XCBuildConfiguration;
			buildSettings = {
				ASSETCATALOG_COMPILER_APPICON_NAME = AppIcon;
				INFOPLIST_FILE = TheAdventuresOfBob/Info.plist;
				LD_RUNPATH_SEARCH_PATHS = "$(inherited) @executable_path/Frameworks";
				PRODUCT_BUNDLE_IDENTIFIER = uk.ac.leeds.TheAdventuresOfBob;
				PRODUCT_NAME = "$(TARGET_NAME)";
			};
			name = Release;
		};
		CFE3511D1FB9A60900EA8EFB /* Debug */ = {
			isa = XCBuildConfiguration;
			buildSettings = {
				BUNDLE_LOADER = "$(TEST_HOST)";
				INFOPLIST_FILE = TheAdventuresOfBobTests/Info.plist;
				LD_RUNPATH_SEARCH_PATHS = "$(inherited) @executable_path/Frameworks @loader_path/Frameworks";
				PRODUCT_BUNDLE_IDENTIFIER = uk.ac.leeds.TheAdventuresOfBobTests;
				PRODUCT_NAME = "$(TARGET_NAME)";
				TEST_HOST = "$(BUILT_PRODUCTS_DIR)/TheAdventuresOfBob.app/TheAdventuresOfBob";
			};
			name = Debug;
		};
		CFE3511E1FB9A60900EA8EFB /* Release */ = {
			isa = XCBuildConfiguration;
			buildSettings = {
				BUNDLE_LOADER = "$(TEST_HOST)";
				INFOPLIST_FILE = TheAdventuresOfBobTests/Info.plist;
				LD_RUNPATH_SEARCH_PATHS = "$(inherited) @executable_path/Frameworks @loader_path/Frameworks";
				PRODUCT_BUNDLE_IDENTIFIER = uk.ac.leeds.TheAdventuresOfBobTests;
				PRODUCT_NAME = "$(TARGET_NAME)";
				TEST_HOST = "$(BUILT_PRODUCTS_DIR)/TheAdventuresOfBob.app/TheAdventuresOfBob";
			};
			name = Release;
		};
		CFE351201FB9A60900EA8EFB /* Debug */ = {
			isa = XCBuildConfiguration;
			buildSettings = {
				INFOPLIST_FILE = TheAdventuresOfBobUITests/Info.plist;
				LD_RUNPATH_SEARCH_PATHS = "$(inherited) @executable_path/Frameworks @loader_path/Frameworks";
				PRODUCT_BUNDLE_IDENTIFIER = uk.ac.leeds.TheAdventuresOfBobUITests;
				PRODUCT_NAME = "$(TARGET_NAME)";
				TEST_TARGET_NAME = TheAdventuresOfBob;
			};
			name = Debug;
		};
		CFE351211FB9A60900EA8EFB /* Release */ = {
			isa = XCBuildConfiguration;
			buildSettings = {
				INFOPLIST_FILE = TheAdventuresOfBobUITests/Info.plist;
				LD_RUNPATH_SEARCH_PATHS = "$(inherited) @executable_path/Frameworks @loader_path/Frameworks";
				PRODUCT_BUNDLE_IDENTIFIER = uk.ac.leeds.TheAdventuresOfBobUITests;
				PRODUCT_NAME = "$(TARGET_NAME)";
				TEST_TARGET_NAME = TheAdventuresOfBob;
			};
			name = Release;
		};
/* End XCBuildConfiguration section */

/* Begin XCConfigurationList section */
		CFE350E71FB9A60800EA8EFB /* Build configuration list for PBXProject "TheAdventuresOfBob" */ = {
			isa = XCConfigurationList;
			buildConfigurations = (
				CFE351171FB9A60900EA8EFB /* Debug */,
				CFE351181FB9A60900EA8EFB /* Release */,
			);
			defaultConfigurationIsVisible = 0;
			defaultConfigurationName = Release;
		};
		CFE351191FB9A60900EA8EFB /* Build configuration list for PBXNativeTarget "TheAdventuresOfBob" */ = {
			isa = XCConfigurationList;
			buildConfigurations = (
				CFE3511A1FB9A60900EA8EFB /* Debug */,
				CFE3511B1FB9A60900EA8EFB /* Release */,
			);
			defaultConfigurationIsVisible = 0;
			defaultConfigurationName = Release;
		};
		CFE3511C1FB9A60900EA8EFB /* Build configuration list for PBXNativeTarget "TheAdventuresOfBobTests" */ = {
			isa = XCConfigurationList;
			buildConfigurations = (
				CFE3511D1FB9A60900EA8EFB /* Debug */,
				CFE3511E1FB9A60900EA8EFB /* Release */,
			);
			defaultConfigurationIsVisible = 0;
			defaultConfigurationName = Release;
		};
		CFE3511F1FB9A60900EA8EFB /* Build configuration list for PBXNativeTarget "TheAdventuresOfBobUITests" */ = {
			isa = XCConfigurationList;
			buildConfigurations = (
				CFE351201FB9A60900EA8EFB /* Debug */,
				CFE351211FB9A60900EA8EFB /* Release */,
			);
			defaultConfigurationIsVisible = 0;
			defaultConfigurationName = Release;
		};
/* End XCConfigurationList section */
	};
	rootObject = CFE350E41FB9A60800EA8EFB /* Project object */;
}
